
Microsoft Visual Studio Solution File, Format Version 12.00
# Visual Studio Version 16
VisualStudioVersion = 16.0.30611.23
MinimumVisualStudioVersion = 10.0.40219.1
Project("{FAE04EC0-301F-11D3-BF4B-00C04F79EFBC}") = "StudentInfoManagementSystem", "StudentInfoManagementSystem.csproj", "{51407608-5A07-40E1-B33B-5F90A673FA88}"
EndProject
Global
	GlobalSection(SolutionConfigurationPlatforms) = preSolution
		Debug|Any CPU = Debug|Any CPU
		Release|Any CPU = Release|Any CPU
	EndGlobalSection
	GlobalSection(ProjectConfigurationPlatforms) = postSolution
		{51407608-5A07-40E1-B33B-5F90A673FA88}.Debug|Any CPU.ActiveCfg = Debug|Any CPU
		{51407608-5A07-40E1-B33B-5F90A673FA88}.Debug|Any CPU.Build.0 = Debug|Any CPU
		{51407608-5A07-40E1-B33B-5F90A673FA88}.Release|Any CPU.ActiveCfg = Release|Any CPU
		{51407608-5A07-40E1-B33B-5F90A673FA88}.Release|Any CPU.Build.0 = Release|Any CPU
	EndGlobalSection
	GlobalSection(SolutionProperties) = preSolution
		HideSolutionNode = FALSE
	EndGlobalSection
	GlobalSection(ExtensibilityGlobals) = postSolution
		SolutionGuid = {0737B590-2D8F-4AF5-9CC7-9B94ACCDD58F}
	EndGlobalSection
EndGlobal
